select_genes:
  cmd: papermill -f stages/1_select_genes_and_species.yaml  --progress-bar --report-mode
    notebooks/1_select_genes_and_species.ipynb data/output/notebooks/1_select_genes_and_species_report.ipynb
  deps:
  - path: data/input/genes/by_animal_class
    md5: 5bb1b3db720c77cb0800fa40f0196f29.dir
  - path: data/input/samples.tsv
    md5: 17e2bb8020c8ac1f8c3c7445fac901c3
  - path: data/input/species.tsv
    md5: cdf6379f1d78780afc6f650b10636494
  - path: notebooks/1_select_genes_and_species.ipynb
    md5: 201de29fbe33b8bf5b546fcf16ec15f6
  - path: stages/1_select_genes_and_species.yaml
    md5: 22f95cba7413c7c641fec0720b8338ee
  outs:
  - path: data/interim/selected_expressions.tsv
    md5: d872ec9f5ff9ac16d7dd6d877cc077b1
  - path: data/interim/selected_genes.tsv
    md5: dc2b3b921d9fb4ed358a085c53426307
  - path: data/interim/selected_samples.tsv
    md5: f3a11a4ad6550a7f356bf51e7a4e183b
  - path: data/interim/selected_species.tsv
    md5: 74a64f77b443ed7b6e9b44240953ec7a
  - path: data/output/counts/species_sample_count.tsv
    md5: eced40b842c0ec786a43d0e8c1da073d
  - path: data/output/counts/species_tissue_sample_count.tsv
    md5: 7e78391b84b265bdc0db65ef0f293056
  - path: data/output/counts/tissue_sample_count.tsv
    md5: 95d7d50886117aae30a8ee8c335f5076
  - path: data/output/notebooks/1_select_genes_and_species_report.ipynb
    md5: c170a67d0a586c49d1442695c78bdcbc
select_samples:
  cmd: papermill -f parameters/select_samples.yaml  --progress-bar --report-mode notebooks/select_samples.ipynb
    data/output/notebooks/select_samples.ipynb
  deps:
  - path: data/input/genes/by_animal_class
    md5: 5bb1b3db720c77cb0800fa40f0196f29.dir
  - path: data/input/samples.tsv
    md5: 17e2bb8020c8ac1f8c3c7445fac901c3
  - path: data/input/species.tsv
    md5: cdf6379f1d78780afc6f650b10636494
  - path: data/input/total_mtDNA_base_composition.csv
    md5: 3735cfc4beffb6c9356f908525345ee6
  - path: notebooks/select_samples.ipynb
    md5: 9db059d4bd6319903528a5f737f0f4f0
  - path: parameters/select_samples.yaml
    md5: ccd2ff9e431a861a3cabaf02eb5533ab
  outs:
  - path: data/interim/selected/gestation_days
    md5: 03f0461ba9a1ca26f052203b948cd78b.dir
  - path: data/interim/selected/lifespan
    md5: 65f40bf267437f9a07131d706e0fed3d.dir
  - path: data/interim/selected/mass_kg
    md5: f36dbab9692c98800c464052e8dc85af.dir
  - path: data/interim/selected/metabolic_rate
    md5: 470ea1aeccc3bafa4b93268181360e6d.dir
  - path: data/interim/selected/mtGC
    md5: fa17686c777e1fad034b626b1efad921.dir
  - path: data/interim/selected/temperature
    md5: 4f4453d99a2c54fd9422e5e85c7fa5be.dir
  - path: data/output/counts/species_sample_count.tsv
    md5: 84c76b86cb61c5bf73c7f06c390dc064
  - path: data/output/counts/species_tissue_sample_count.tsv
    md5: e1b7a7f290203cad12f412d33e2a0bcb
  - path: data/output/counts/tissue_sample_count.tsv
    md5: 5a1441ea61f14d0242037f6a36c9d4a4
  - path: data/output/notebooks/select_samples.ipynb
    md5: 3e57c8aa755ebec3c8e2addf0f0c4e33
results_intersections:
  cmd: papermill -f parameters/results_intersections.yaml  --progress-bar --report-mode
    notebooks/results_intersections.ipynb data/output/notebooks/results_intersections.ipynb
  deps:
  - path: data/output/external/causality
    md5: c00e3428ab5aac19fdc6c5157b09fb33.dir
  - path: data/output/external/linear
    md5: 024046bb0390f0d3bd374580359ebff4.dir
  - path: parameters/results_intersections.yaml
    md5: 45a394673b593a63177a9853f01d24c4
  outs:
  - path: data/output/notebooks/results_intersections.ipynb
    md5: 42127d40730f345e12effb4dff4d55e2
  - path: data/output/results/shap_with_linear_genage.tsv
    md5: 6d3ebc5c50cc026941db3fc269a1746d
  - path: data/output/stage_2/shap_results.tsv
    md5: 9b052d5683d3e61e6845086801c5b709
shap_selection:
  cmd: papermill -f parameters/shap_selection.yaml  --progress-bar --report-mode notebooks/shap_selection.ipynb
    data/output/notebooks/shap_selection.ipynb
  deps:
  - path: data/interim/selected/gestation_days
    md5: 03f0461ba9a1ca26f052203b948cd78b.dir
  - path: data/interim/selected/lifespan
    md5: 65f40bf267437f9a07131d706e0fed3d.dir
  - path: data/interim/selected/mass_kg
    md5: f36dbab9692c98800c464052e8dc85af.dir
  - path: data/interim/selected/metabolic_rate
    md5: 470ea1aeccc3bafa4b93268181360e6d.dir
  - path: data/interim/selected/mtGC
    md5: fa17686c777e1fad034b626b1efad921.dir
  - path: data/interim/selected/temperature
    md5: 4f4453d99a2c54fd9422e5e85c7fa5be.dir
  - path: parameters/shap_selection.yaml
    md5: 43734a0f6f4865a78d36e5ea7e773176
  outs:
  - path: data/interim/stage_1/results_concatenated.tsv
    md5: aed0d7ed5a721fb780f90a2dccbd70e5
  - path: data/interim/stage_2/input_data
    md5: 9f1ca3ea434625790c4cab969e07aab7.dir
  - path: data/output/notebooks/shap_selection.ipynb
    md5: c48cb96cd95b4936a3adb043018a6d8c
  - path: data/output/plots/stage_one_summary_lifespan.svg
    md5: dbe5c9bbbbf06e6a62bf2f447b78010f
  - path: data/output/plots/stage_two_untuned_summary_lifespan.svg
    md5: f10b432adda8d0ef644b972515cfba24
tuning:
  cmd: echo "work in progress!"
  deps:
  - path: data/interim/selected/expressions.tsv
    md5: e8e8ea38f54eec4c9d51069d8cc2fde0
  - path: data/interim/selected/genes.tsv
    md5: 08f457c2517b3f601f5e58e3b1ec4ae0
  - path: data/interim/selected/genes_meta.tsv
    md5: 0387f21fcd4b287dc924432c8b90042d
  - path: data/interim/selected/samples.tsv
    md5: c370e925f56a0ed33b7dcb16553d4c39
  - path: data/interim/selected/species.tsv
    md5: 44e0c63a0d7749abcd43b3c1f92cc54b
  outs:
  - path: data/output/optimization/study.sqlite
    md5: ef8116b0684832e6e11749edcd4e5cbf
tune:
  cmd: python tune.py
  deps:
  - path: data/interim/selected/gestation_days
    md5: 03f0461ba9a1ca26f052203b948cd78b.dir
  - path: data/interim/selected/lifespan
    md5: 65f40bf267437f9a07131d706e0fed3d.dir
  - path: data/interim/selected/mass_kg
    md5: f36dbab9692c98800c464052e8dc85af.dir
  - path: data/interim/selected/metabolic_rate
    md5: 470ea1aeccc3bafa4b93268181360e6d.dir
  - path: data/interim/selected/mtGC
    md5: fa17686c777e1fad034b626b1efad921.dir
  - path: data/interim/selected/temperature
    md5: 4f4453d99a2c54fd9422e5e85c7fa5be.dir
  params:
    parameters/tune.yaml:
      debug_local: true
      folds: 5
      hold_outs: 1
      metrics: r2_huber_kendall
      not_validated_species: true
      repeats: 10
      threads: 1
      trait: lifespan
      trials: 10
stage_one:
  cmd: papermill -f parameters/stage_one_shap_selection.yaml  --progress-bar --report-mode
    notebooks/stage_one_shap_selection.ipynb data/output/notebooks/stage_one_shap_selection.ipynb
  deps:
  - path: data/interim/optimization/gestation_days.sqlite
    md5: 8f2a409f95031e839202e4feb88e99e0
  - path: data/interim/optimization/lifespan.sqlite
    md5: 0f73d0f933f828dcc5e287e6c9cacd5b
  - path: data/interim/optimization/mass_kg.sqlite
    md5: 23ddb28f55e3146b58e646e6e329e6b7
  - path: data/interim/optimization/metabolic_rate.sqlite
    md5: 247702368a8eab9c8824cac26a7f66e3
  - path: data/interim/optimization/mtGC.sqlite
    md5: 08ebe078dd5041f18945a571d3415054
  - path: data/interim/optimization/temperature.sqlite
    md5: 6cbdb4405cd2a969fefc39cd95565e45
  - path: parameters/stage_one_shap_selection.yaml
    md5: 43734a0f6f4865a78d36e5ea7e773176
  outs:
  - path: data/interim/stage_1/partitions
    md5: ae477591a5bc3a2c2754300224cf9112.dir
  - path: data/interim/stage_1/results_concatenated.tsv
    md5: aaea00fd630d1de1763fae131861cd1a
  - path: data/interim/stage_2/input
    md5: abf6c9743ed47bacba31a1c43bb876af.dir
  - path: data/output/plots/stage_one_summary_lifespan.svg
    md5: dde34275322e8262e3ca451923cf42aa
  - path: data/output/plots/stage_two_untuned_summary_lifespan.svg
    md5: af05bb74f5704ca2f998a3b01bc1d3c9
  - path: data/output/stage_1/gestation_days_selected.tsv
    md5: da73b2b1b840a5eeb2d277e6fefa5bd8
  - path: data/output/stage_1/lifespan_selected.tsv
    md5: a36c348e71daf24484b87b94ee5d5725
  - path: data/output/stage_1/mass_kg_selected.tsv
    md5: ffe0984cf0ab3ef17995478097bd8144
  - path: data/output/stage_1/metabolic_rate_selected.tsv
    md5: d597a904129d5998c83f7c4b799332db
  - path: data/output/stage_1/mtGC_selected.tsv
    md5: c81d5a639f83b2d320b7cb706102e117
  - path: data/output/stage_1/temperature_selected.tsv
    md5: c531cebceb3f4254836d23da2dc4f088
stage_two:
  cmd: papermill -f parameters/stage_two_shap_selection.yaml  --progress-bar --report-mode
    notebooks/stage_two_shap_selection.ipynb data/output/notebooks/stage_two_shap_selection.ipynb
  deps:
  - path: data/interim/optimization/lifespan.sqlite
    md5: 0f73d0f933f828dcc5e287e6c9cacd5b
  - path: data/interim/stage_1/results_concatenated.tsv
    md5: aaea00fd630d1de1763fae131861cd1a
  - path: data/interim/stage_2/input
    md5: abf6c9743ed47bacba31a1c43bb876af.dir
  outs:
  - path: data/interim/stage_2/partitions
    md5: 73fb97e868a8652f629e1146f7693ca3.dir
  - path: data/output/plots/stage_two_decision_lifespan.svg
    md5: f9ea891dc429fd13a23dc5038c861c4a
  - path: data/output/plots/stage_two_summary_lifespan.svg
    md5: a882dadbe07dcf4141ce7fe3bcda2411
  - path: data/output/stage_2/lifespan.tsv
    md5: a1011770b6381cf9b280c7316742cf16
  - path: data/output/stage_2/lifespan_with_traits.tsv
    md5: 6a72662224500b1c2f3ff8d01121fd2f
